
Microsoft Visual Studio Solution File, Format Version 12.00
# Visual Studio 15
VisualStudioVersion = 15.0.27703.2018
MinimumVisualStudioVersion = 10.0.40219.1
Project("{9A19103F-16F7-4668-BE54-9A1E7A4F7556}") = "Scalable", "Scalable\Scalable.csproj", "{7B0285AB-E1FC-42A0-8E9D-7D43BB48F787}"
EndProject
Project("{E53339B2-1760-4266-BCC7-CA923CBCF16C}") = "docker-compose", "docker-compose.dcproj", "{904749A1-F4FB-495A-9880-FEFF1E8FBA48}"
EndProject
Global
	GlobalSection(SolutionConfigurationPlatforms) = preSolution
		Debug|Any CPU = Debug|Any CPU
		Release|Any CPU = Release|Any CPU
	EndGlobalSection
	GlobalSection(ProjectConfigurationPlatforms) = postSolution
		{7B0285AB-E1FC-42A0-8E9D-7D43BB48F787}.Debug|Any CPU.ActiveCfg = Debug|Any CPU
		{7B0285AB-E1FC-42A0-8E9D-7D43BB48F787}.Debug|Any CPU.Build.0 = Debug|Any CPU
		{7B0285AB-E1FC-42A0-8E9D-7D43BB48F787}.Release|Any CPU.ActiveCfg = Release|Any CPU
		{7B0285AB-E1FC-42A0-8E9D-7D43BB48F787}.Release|Any CPU.Build.0 = Release|Any CPU
		{904749A1-F4FB-495A-9880-FEFF1E8FBA48}.Debug|Any CPU.ActiveCfg = Debug|Any CPU
		{904749A1-F4FB-495A-9880-FEFF1E8FBA48}.Debug|Any CPU.Build.0 = Debug|Any CPU
		{904749A1-F4FB-495A-9880-FEFF1E8FBA48}.Release|Any CPU.ActiveCfg = Release|Any CPU
		{904749A1-F4FB-495A-9880-FEFF1E8FBA48}.Release|Any CPU.Build.0 = Release|Any CPU
	EndGlobalSection
	GlobalSection(SolutionProperties) = preSolution
		HideSolutionNode = FALSE
	EndGlobalSection
	GlobalSection(ExtensibilityGlobals) = postSolution
		SolutionGuid = {CDC22625-A791-4131-BE5F-AEF40C1AE8B0}
	EndGlobalSection
EndGlobal
